// !$*UTF8*$!
{
	archiveVersion = 1;
	classes = {
	};
	objectVersion = 50;
	objects = {

/* Begin PBXBuildFile section */
		3AD364C12548CE0300CCADB8 /* AppDelegate.swift in Sources */ = {isa = PBXBuildFile; fileRef = 3AD364C02548CE0300CCADB8 /* AppDelegate.swift */; };
		3AD364C32548CE0300CCADB8 /* SceneDelegate.swift in Sources */ = {isa = PBXBuildFile; fileRef = 3AD364C22548CE0300CCADB8 /* SceneDelegate.swift */; };
		3AD364C82548CE0300CCADB8 /* Main.storyboard in Resources */ = {isa = PBXBuildFile; fileRef = 3AD364C62548CE0300CCADB8 /* Main.storyboard */; };
		3AD364CB2548CE0300CCADB8 /* networking_homework.xcdatamodeld in Sources */ = {isa = PBXBuildFile; fileRef = 3AD364C92548CE0300CCADB8 /* networking_homework.xcdatamodeld */; };
		3AD364CD2548CE0500CCADB8 /* Assets.xcassets in Resources */ = {isa = PBXBuildFile; fileRef = 3AD364CC2548CE0500CCADB8 /* Assets.xcassets */; };
		3AD364D02548CE0500CCADB8 /* LaunchScreen.storyboard in Resources */ = {isa = PBXBuildFile; fileRef = 3AD364CE2548CE0500CCADB8 /* LaunchScreen.storyboard */; };
		3AD364DE2548D3BE00CCADB8 /* TableViewController.swift in Sources */ = {isa = PBXBuildFile; fileRef = 3AD364DD2548D3BE00CCADB8 /* TableViewController.swift */; };
		3AD364E12548D5A900CCADB8 /* TableViewCell.swift in Sources */ = {isa = PBXBuildFile; fileRef = 3AD364E02548D5A900CCADB8 /* TableViewCell.swift */; };
		3AD364E42548E3F700CCADB8 /* NetworkManager.swift in Sources */ = {isa = PBXBuildFile; fileRef = 3AD364E32548E3F700CCADB8 /* NetworkManager.swift */; };
		3AD364E72548FC5A00CCADB8 /* json_download_list.swift in Sources */ = {isa = PBXBuildFile; fileRef = 3AD364E62548FC5A00CCADB8 /* json_download_list.swift */; };
/* End PBXBuildFile section */

/* Begin PBXFileReference section */
		3AD364BD2548CE0300CCADB8 /* networking_homework.app */ = {isa = PBXFileReference; explicitFileType = wrapper.application; includeInIndex = 0; path = networking_homework.app; sourceTree = BUILT_PRODUCTS_DIR; };
		3AD364C02548CE0300CCADB8 /* AppDelegate.swift */ = {isa = PBXFileReference; lastKnownFileType = sourcecode.swift; path = AppDelegate.swift; sourceTree = "<group>"; };
		3AD364C22548CE0300CCADB8 /* SceneDelegate.swift */ = {isa = PBXFileReference; lastKnownFileType = sourcecode.swift; path = SceneDelegate.swift; sourceTree = "<group>"; };
		3AD364C72548CE0300CCADB8 /* Base */ = {isa = PBXFileReference; lastKnownFileType = file.storyboard; name = Base; path = Base.lproj/Main.storyboard; sourceTree = "<group>"; };
		3AD364CA2548CE0300CCADB8 /* networking_homework.xcdatamodel */ = {isa = PBXFileReference; lastKnownFileType = wrapper.xcdatamodel; path = networking_homework.xcdatamodel; sourceTree = "<group>"; };
		3AD364CC2548CE0500CCADB8 /* Assets.xcassets */ = {isa = PBXFileReference; lastKnownFileType = folder.assetcatalog; path = Assets.xcassets; sourceTree = "<group>"; };
		3AD364CF2548CE0500CCADB8 /* Base */ = {isa = PBXFileReference; lastKnownFileType = file.storyboard; name = Base; path = Base.lproj/LaunchScreen.storyboard; sourceTree = "<group>"; };
		3AD364D12548CE0500CCADB8 /* Info.plist */ = {isa = PBXFileReference; lastKnownFileType = text.plist.xml; path = Info.plist; sourceTree = "<group>"; };
		3AD364DD2548D3BE00CCADB8 /* TableViewController.swift */ = {isa = PBXFileReference; lastKnownFileType = sourcecode.swift; path = TableViewController.swift; sourceTree = "<group>"; };
		3AD364E02548D5A900CCADB8 /* TableViewCell.swift */ = {isa = PBXFileReference; lastKnownFileType = sourcecode.swift; path = TableViewCell.swift; sourceTree = "<group>"; };
		3AD364E32548E3F700CCADB8 /* NetworkManager.swift */ = {isa = PBXFileReference; lastKnownFileType = sourcecode.swift; path = NetworkManager.swift; sourceTree = "<group>"; };
		3AD364E62548FC5A00CCADB8 /* json_download_list.swift */ = {isa = PBXFileReference; lastKnownFileType = sourcecode.swift; path = json_download_list.swift; sourceTree = "<group>"; };
/* End PBXFileReference section */

/* Begin PBXFrameworksBuildPhase section */
		3AD364BA2548CE0300CCADB8 /* Frameworks */ = {
			isa = PBXFrameworksBuildPhase;
			buildActionMask = 2147483647;
			files = (
			);
			runOnlyForDeploymentPostprocessing = 0;
		};
/* End PBXFrameworksBuildPhase section */

/* Begin PBXGroup section */
		3AD364B42548CE0300CCADB8 = {
			isa = PBXGroup;
			children = (
				3AD364BF2548CE0300CCADB8 /* networking_homework */,
				3AD364BE2548CE0300CCADB8 /* Products */,
			);
			sourceTree = "<group>";
		};
		3AD364BE2548CE0300CCADB8 /* Products */ = {
			isa = PBXGroup;
			children = (
				3AD364BD2548CE0300CCADB8 /* networking_homework.app */,
			);
			name = Products;
			sourceTree = "<group>";
		};
		3AD364BF2548CE0300CCADB8 /* networking_homework */ = {
			isa = PBXGroup;
			children = (
				3AD364DB2548CE4800CCADB8 /* utilities */,
				3AD364DA2548CE3500CCADB8 /* controller */,
				3AD364D92548CE2F00CCADB8 /* view */,
				3AD364D82548CE2800CCADB8 /* model */,
				3AD364CC2548CE0500CCADB8 /* Assets.xcassets */,
			);
			path = networking_homework;
			sourceTree = "<group>";
		};
		3AD364D82548CE2800CCADB8 /* model */ = {
			isa = PBXGroup;
			children = (
				3AD364E32548E3F700CCADB8 /* NetworkManager.swift */,
				3AD364E62548FC5A00CCADB8 /* json_download_list.swift */,
			);
			path = model;
			sourceTree = "<group>";
		};
		3AD364D92548CE2F00CCADB8 /* view */ = {
			isa = PBXGroup;
			children = (
				3AD364CE2548CE0500CCADB8 /* LaunchScreen.storyboard */,
				3AD364C62548CE0300CCADB8 /* Main.storyboard */,
				3AD364E02548D5A900CCADB8 /* TableViewCell.swift */,
			);
			path = view;
			sourceTree = "<group>";
		};
		3AD364DA2548CE3500CCADB8 /* controller */ = {
			isa = PBXGroup;
			children = (
				3AD364DD2548D3BE00CCADB8 /* TableViewController.swift */,
			);
			path = controller;
			sourceTree = "<group>";
		};
		3AD364DB2548CE4800CCADB8 /* utilities */ = {
			isa = PBXGroup;
			children = (
				3AD364C02548CE0300CCADB8 /* AppDelegate.swift */,
				3AD364C22548CE0300CCADB8 /* SceneDelegate.swift */,
				3AD364D12548CE0500CCADB8 /* Info.plist */,
				3AD364C92548CE0300CCADB8 /* networking_homework.xcdatamodeld */,
			);
			path = utilities;
			sourceTree = "<group>";
		};
/* End PBXGroup section */

/* Begin PBXNativeTarget section */
		3AD364BC2548CE0300CCADB8 /* networking_homework */ = {
			isa = PBXNativeTarget;
			buildConfigurationList = 3AD364D42548CE0500CCADB8 /* Build configuration list for PBXNativeTarget "networking_homework" */;
			buildPhases = (
				3AD364B92548CE0300CCADB8 /* Sources */,
				3AD364BA2548CE0300CCADB8 /* Frameworks */,
				3AD364BB2548CE0300CCADB8 /* Resources */,
			);
			buildRules = (
			);
			dependencies = (
			);
			name = networking_homework;
			productName = networking_homework;
			productReference = 3AD364BD2548CE0300CCADB8 /* networking_homework.app */;
			productType = "com.apple.product-type.application";
		};
/* End PBXNativeTarget section */

/* Begin PBXProject section */
		3AD364B52548CE0300CCADB8 /* Project object */ = {
			isa = PBXProject;
			attributes = {
				LastSwiftUpdateCheck = 1200;
				LastUpgradeCheck = 1200;
				TargetAttributes = {
					3AD364BC2548CE0300CCADB8 = {
						CreatedOnToolsVersion = 12.0.1;
					};
				};
			};
			buildConfigurationList = 3AD364B82548CE0300CCADB8 /* Build configuration list for PBXProject "networking_homework" */;
			compatibilityVersion = "Xcode 9.3";
			developmentRegion = en;
			hasScannedForEncodings = 0;
			knownRegions = (
				en,
				Base,
			);
			mainGroup = 3AD364B42548CE0300CCADB8;
			productRefGroup = 3AD364BE2548CE0300CCADB8 /* Products */;
			projectDirPath = "";
			projectRoot = "";
			targets = (
				3AD364BC2548CE0300CCADB8 /* networking_homework */,
			);
		};
/* End PBXProject section */

/* Begin PBXResourcesBuildPhase section */
		3AD364BB2548CE0300CCADB8 /* Resources */ = {
			isa = PBXResourcesBuildPhase;
			buildActionMask = 2147483647;
			files = (
				3AD364D02548CE0500CCADB8 /* LaunchScreen.storyboard in Resources */,
				3AD364CD2548CE0500CCADB8 /* Assets.xcassets in Resources */,
				3AD364C82548CE0300CCADB8 /* Main.storyboard in Resources */,
			);
			runOnlyForDeploymentPostprocessing = 0;
		};
/* End PBXResourcesBuildPhase section */

/* Begin PBXSourcesBuildPhase section */
		3AD364B92548CE0300CCADB8 /* Sources */ = {
			isa = PBXSourcesBuildPhase;
			buildActionMask = 2147483647;
			files = (
				3AD364E42548E3F700CCADB8 /* NetworkManager.swift in Sources */,
				3AD364E12548D5A900CCADB8 /* TableViewCell.swift in Sources */,
				3AD364C12548CE0300CCADB8 /* AppDelegate.swift in Sources */,
				3AD364CB2548CE0300CCADB8 /* networking_homework.xcdatamodeld in Sources */,
				3AD364E72548FC5A00CCADB8 /* json_download_list.swift in Sources */,
				3AD364C32548CE0300CCADB8 /* SceneDelegate.swift in Sources */,
				3AD364DE2548D3BE00CCADB8 /* TableViewController.swift in Sources */,
			);
			runOnlyForDeploymentPostprocessing = 0;
		};
/* End PBXSourcesBuildPhase section */

/* Begin PBXVariantGroup section */
		3AD364C62548CE0300CCADB8 /* Main.storyboard */ = {
			isa = PBXVariantGroup;
			children = (
				3AD364C72548CE0300CCADB8 /* Base */,
			);
			name = Main.storyboard;
			sourceTree = "<group>";
		};
		3AD364CE2548CE0500CCADB8 /* LaunchScreen.storyboard */ = {
			isa = PBXVariantGroup;
			children = (
				3AD364CF2548CE0500CCADB8 /* Base */,
			);
			name = LaunchScreen.storyboard;
			sourceTree = "<group>";
		};
/* End PBXVariantGroup section */

/* Begin XCBuildConfiguration section */
		3AD364D22548CE0500CCADB8 /* Debug */ = {
			isa = XCBuildConfiguration;
			buildSettings = {
				ALWAYS_SEARCH_USER_PATHS = NO;
				CLANG_ANALYZER_NONNULL = YES;
				CLANG_ANALYZER_NUMBER_OBJECT_CONVERSION = YES_AGGRESSIVE;
				CLANG_CXX_LANGUAGE_STANDARD = "gnu++14";
				CLANG_CXX_LIBRARY = "libc++";
				CLANG_ENABLE_MODULES = YES;
				CLANG_ENABLE_OBJC_ARC = YES;
				CLANG_ENABLE_OBJC_WEAK = YES;
				CLANG_WARN_BLOCK_CAPTURE_AUTORELEASING = YES;
				CLANG_WARN_BOOL_CONVERSION = YES;
				CLANG_WARN_COMMA = YES;
				CLANG_WARN_CONSTANT_CONVERSION = YES;
				CLANG_WARN_DEPRECATED_OBJC_IMPLEMENTATIONS = YES;
				CLANG_WARN_DIRECT_OBJC_ISA_USAGE = YES_ERROR;
				CLANG_WARN_DOCUMENTATION_COMMENTS = YES;
				CLANG_WARN_EMPTY_BODY = YES;
				CLANG_WARN_ENUM_CONVERSION = YES;
				CLANG_WARN_INFINITE_RECURSION = YES;
				CLANG_WARN_INT_CONVERSION = YES;
				CLANG_WARN_NON_LITERAL_NULL_CONVERSION = YES;
				CLANG_WARN_OBJC_IMPLICIT_RETAIN_SELF = YES;
				CLANG_WARN_OBJC_LITERAL_CONVERSION = YES;
				CLANG_WARN_OBJC_ROOT_CLASS = YES_ERROR;
				CLANG_WARN_QUOTED_INCLUDE_IN_FRAMEWORK_HEADER = YES;
				CLANG_WARN_RANGE_LOOP_ANALYSIS = YES;
				CLANG_WARN_STRICT_PROTOTYPES = YES;
				CLANG_WARN_SUSPICIOUS_MOVE = YES;
				CLANG_WARN_UNGUARDED_AVAILABILITY = YES_AGGRESSIVE;
				CLANG_WARN_UNREACHABLE_CODE = YES;
				CLANG_WARN__DUPLICATE_METHOD_MATCH = YES;
				COPY_PHASE_STRIP = NO;
				DEBUG_INFORMATION_FORMAT = dwarf;
				ENABLE_STRICT_OBJC_MSGSEND = YES;
				ENABLE_TESTABILITY = YES;
				GCC_C_LANGUAGE_STANDARD = gnu11;
				GCC_DYNAMIC_NO_PIC = NO;
				GCC_NO_COMMON_BLOCKS = YES;
				GCC_OPTIMIZATION_LEVEL = 0;
				GCC_PREPROCESSOR_DEFINITIONS = (
					"DEBUG=1",
					"$(inherited)",
				);
				GCC_WARN_64_TO_32_BIT_CONVERSION = YES;
				GCC_WARN_ABOUT_RETURN_TYPE = YES_ERROR;
				GCC_WARN_UNDECLARED_SELECTOR = YES;
				GCC_WARN_UNINITIALIZED_AUTOS = YES_AGGRESSIVE;
				GCC_WARN_UNUSED_FUNCTION = YES;
				GCC_WARN_UNUSED_VARIABLE = YES;
				IPHONEOS_DEPLOYMENT_TARGET = 14.0;
				MTL_ENABLE_DEBUG_INFO = INCLUDE_SOURCE;
				MTL_FAST_MATH = YES;
				ONLY_ACTIVE_ARCH = YES;
				SDKROOT = iphoneos;
				SWIFT_ACTIVE_COMPILATION_CONDITIONS = DEBUG;
				SWIFT_OPTIMIZATION_LEVEL = "-Onone";
			};
			name = Debug;
		};
		3AD364D32548CE0500CCADB8 /* Release */ = {
			isa = XCBuildConfiguration;
			buildSettings = {
				ALWAYS_SEARCH_USER_PATHS = NO;
				CLANG_ANALYZER_NONNULL = YES;
				CLANG_ANALYZER_NUMBER_OBJECT_CONVERSION = YES_AGGRESSIVE;
				CLANG_CXX_LANGUAGE_STANDARD = "gnu++14";
				CLANG_CXX_LIBRARY = "libc++";
				CLANG_ENABLE_MODULES = YES;
				CLANG_ENABLE_OBJC_ARC = YES;
				CLANG_ENABLE_OBJC_WEAK = YES;
				CLANG_WARN_BLOCK_CAPTURE_AUTORELEASING = YES;
				CLANG_WARN_BOOL_CONVERSION = YES;
				CLANG_WARN_COMMA = YES;
				CLANG_WARN_CONSTANT_CONVERSION = YES;
				CLANG_WARN_DEPRECATED_OBJC_IMPLEMENTATIONS = YES;
				CLANG_WARN_DIRECT_OBJC_ISA_USAGE = YES_ERROR;
				CLANG_WARN_DOCUMENTATION_COMMENTS = YES;
				CLANG_WARN_EMPTY_BODY = YES;
				CLANG_WARN_ENUM_CONVERSION = YES;
				CLANG_WARN_INFINITE_RECURSION = YES;
				CLANG_WARN_INT_CONVERSION = YES;
				CLANG_WARN_NON_LITERAL_NULL_CONVERSION = YES;
				CLANG_WARN_OBJC_IMPLICIT_RETAIN_SELF = YES;
				CLANG_WARN_OBJC_LITERAL_CONVERSION = YES;
				CLANG_WARN_OBJC_ROOT_CLASS = YES_ERROR;
				CLANG_WARN_QUOTED_INCLUDE_IN_FRAMEWORK_HEADER = YES;
				CLANG_WARN_RANGE_LOOP_ANALYSIS = YES;
				CLANG_WARN_STRICT_PROTOTYPES = YES;
				CLANG_WARN_SUSPICIOUS_MOVE = YES;
				CLANG_WARN_UNGUARDED_AVAILABILITY = YES_AGGRESSIVE;
				CLANG_WARN_UNREACHABLE_CODE = YES;
				CLANG_WARN__DUPLICATE_METHOD_MATCH = YES;
				COPY_PHASE_STRIP = NO;
				DEBUG_INFORMATION_FORMAT = "dwarf-with-dsym";
				ENABLE_NS_ASSERTIONS = NO;
				ENABLE_STRICT_OBJC_MSGSEND = YES;
				GCC_C_LANGUAGE_STANDARD = gnu11;
				GCC_NO_COMMON_BLOCKS = YES;
				GCC_WARN_64_TO_32_BIT_CONVERSION = YES;
				GCC_WARN_ABOUT_RETURN_TYPE = YES_ERROR;
				GCC_WARN_UNDECLARED_SELECTOR = YES;
				GCC_WARN_UNINITIALIZED_AUTOS = YES_AGGRESSIVE;
				GCC_WARN_UNUSED_FUNCTION = YES;
				GCC_WARN_UNUSED_VARIABLE = YES;
				IPHONEOS_DEPLOYMENT_TARGET = 14.0;
				MTL_ENABLE_DEBUG_INFO = NO;
				MTL_FAST_MATH = YES;
				SDKROOT = iphoneos;
				SWIFT_COMPILATION_MODE = wholemodule;
				SWIFT_OPTIMIZATION_LEVEL = "-O";
				VALIDATE_PRODUCT = YES;
			};
			name = Release;
		};
		3AD364D52548CE0500CCADB8 /* Debug */ = {
			isa = XCBuildConfiguration;
			buildSettings = {
				ASSETCATALOG_COMPILER_APPICON_NAME = AppIcon;
				ASSETCATALOG_COMPILER_GLOBAL_ACCENT_COLOR_NAME = AccentColor;
				CODE_SIGN_STYLE = Automatic;
				INFOPLIST_FILE = networking_homework/utilities/Info.plist;
				LD_RUNPATH_SEARCH_PATHS = (
					"$(inherited)",
					"@executable_path/Frameworks",
				);
				PRODUCT_BUNDLE_IDENTIFIER = "nothing.com.networking-homework";
				PRODUCT_NAME = "$(TARGET_NAME)";
				SWIFT_VERSION = 5.0;
				TARGETED_DEVICE_FAMILY = "1,2";
			};
			name = Debug;
		};
		3AD364D62548CE0500CCADB8 /* Release */ = {
			isa = XCBuildConfiguration;
			buildSettings = {
				ASSETCATALOG_COMPILER_APPICON_NAME = AppIcon;
				ASSETCATALOG_COMPILER_GLOBAL_ACCENT_COLOR_NAME = AccentColor;
				CODE_SIGN_STYLE = Automatic;
				INFOPLIST_FILE = networking_homework/utilities/Info.plist;
				LD_RUNPATH_SEARCH_PATHS = (
					"$(inherited)",
					"@executable_path/Frameworks",
				);
				PRODUCT_BUNDLE_IDENTIFIER = "nothing.com.networking-homework";
				PRODUCT_NAME = "$(TARGET_NAME)";
				SWIFT_VERSION = 5.0;
				TARGETED_DEVICE_FAMILY = "1,2";
			};
			name = Release;
		};
/* End XCBuildConfiguration section */

/* Begin XCConfigurationList section */
		3AD364B82548CE0300CCADB8 /* Build configuration list for PBXProject "networking_homework" */ = {
			isa = XCConfigurationList;
			buildConfigurations = (
				3AD364D22548CE0500CCADB8 /* Debug */,
				3AD364D32548CE0500CCADB8 /* Release */,
			);
			defaultConfigurationIsVisible = 0;
			defaultConfigurationName = Release;
		};
		3AD364D42548CE0500CCADB8 /* Build configuration list for PBXNativeTarget "networking_homework" */ = {
			isa = XCConfigurationList;
			buildConfigurations = (
				3AD364D52548CE0500CCADB8 /* Debug */,
				3AD364D62548CE0500CCADB8 /* Release */,
			);
			defaultConfigurationIsVisible = 0;
			defaultConfigurationName = Release;
		};
/* End XCConfigurationList section */

/* Begin XCVersionGroup section */
		3AD364C92548CE0300CCADB8 /* networking_homework.xcdatamodeld */ = {
			isa = XCVersionGroup;
			children = (
				3AD364CA2548CE0300CCADB8 /* networking_homework.xcdatamodel */,
			);
			currentVersion = 3AD364CA2548CE0300CCADB8 /* networking_homework.xcdatamodel */;
			path = networking_homework.xcdatamodeld;
			sourceTree = "<group>";
			versionGroupType = wrapper.xcdatamodel;
		};
/* End XCVersionGroup section */
	};
	rootObject = 3AD364B52548CE0300CCADB8 /* Project object */;
}
